
Microsoft Visual Studio Solution File, Format Version 12.00
# Visual Studio Version 17
VisualStudioVersion = 17.9.34701.34
MinimumVisualStudioVersion = 10.0.40219.1
Project("{FAE04EC0-301F-11D3-BF4B-00C04F79EFBC}") = "IncrementalCivilization", "IncrementalCivilization\IncrementalCivilization.csproj", "{3767472A-8B18-4777-89EC-7B490F2F4A6F}"
EndProject
Global
	GlobalSection(SolutionConfigurationPlatforms) = preSolution
		Debug|Any CPU = Debug|Any CPU
		Release|Any CPU = Release|Any CPU
	EndGlobalSection
	GlobalSection(ProjectConfigurationPlatforms) = postSolution
		{3767472A-8B18-4777-89EC-7B490F2F4A6F}.Debug|Any CPU.ActiveCfg = Debug|Any CPU
		{3767472A-8B18-4777-89EC-7B490F2F4A6F}.Debug|Any CPU.Build.0 = Debug|Any CPU
		{3767472A-8B18-4777-89EC-7B490F2F4A6F}.Release|Any CPU.ActiveCfg = Release|Any CPU
		{3767472A-8B18-4777-89EC-7B490F2F4A6F}.Release|Any CPU.Build.0 = Release|Any CPU
	EndGlobalSection
	GlobalSection(SolutionProperties) = preSolution
		HideSolutionNode = FALSE
	EndGlobalSection
	GlobalSection(ExtensibilityGlobals) = postSolution
		SolutionGuid = {7E11D891-4128-41A5-84A1-D8D5F1982279}
	EndGlobalSection
EndGlobal
